PODS:
  - CalendarDateRangePickerViewController (0.2.0)

DEPENDENCIES:
  - CalendarDateRangePickerViewController (from `../`)

EXTERNAL SOURCES:
  CalendarDateRangePickerViewController:
    :path: "../"

SPEC CHECKSUMS:
  CalendarDateRangePickerViewController: a9183aba2b5d98f2c41041e98f0d42020ee995d8

PODFILE CHECKSUM: 2451ae3089d0abca27169c63b3f8b007c0f69b64

COCOAPODS: 1.6.1
